// !$*UTF8*$!
{
	archiveVersion = 1;
	classes = {
	};
	objectVersion = 77;
	objects = {

/* Begin PBXBuildFile section */
		D7B0A9BB2ED05E1C007CB1EB /* WidgetKit.framework in Frameworks */ = {isa = PBXBuildFile; fileRef = D7B0A9BA2ED05E1C007CB1EB /* WidgetKit.framework */; };
		D7B0A9BD2ED05E1C007CB1EB /* SwiftUI.framework in Frameworks */ = {isa = PBXBuildFile; fileRef = D7B0A9BC2ED05E1C007CB1EB /* SwiftUI.framework */; };
		D7B0A9C82ED05E1E007CB1EB /* YearJourneyWidgetExtension.appex in Embed Foundation Extensions */ = {isa = PBXBuildFile; fileRef = D7B0A9B82ED05E1C007CB1EB /* YearJourneyWidgetExtension.appex */; settings = {ATTRIBUTES = (RemoveHeadersOnCopy, ); }; };
/* End PBXBuildFile section */

/* Begin PBXContainerItemProxy section */
		D7B0A9C62ED05E1E007CB1EB /* PBXContainerItemProxy */ = {
			isa = PBXContainerItemProxy;
			containerPortal = D7BDAC9B2ECDFC6A0015FC22 /* Project object */;
			proxyType = 1;
			remoteGlobalIDString = D7B0A9B72ED05E1C007CB1EB;
			remoteInfo = YearJourneyWidgetExtension;
		};
/* End PBXContainerItemProxy section */

/* Begin PBXCopyFilesBuildPhase section */
		D7B0A9CD2ED05E1E007CB1EB /* Embed Foundation Extensions */ = {
			isa = PBXCopyFilesBuildPhase;
			buildActionMask = 2147483647;
			dstPath = "";
			dstSubfolderSpec = 13;
			files = (
				D7B0A9C82ED05E1E007CB1EB /* YearJourneyWidgetExtension.appex in Embed Foundation Extensions */,
			);
			name = "Embed Foundation Extensions";
			runOnlyForDeploymentPostprocessing = 0;
		};
/* End PBXCopyFilesBuildPhase section */

/* Begin PBXFileReference section */
		D7B0A9B82ED05E1C007CB1EB /* YearJourneyWidgetExtension.appex */ = {isa = PBXFileReference; explicitFileType = "wrapper.app-extension"; includeInIndex = 0; path = YearJourneyWidgetExtension.appex; sourceTree = BUILT_PRODUCTS_DIR; };
		D7B0A9BA2ED05E1C007CB1EB /* WidgetKit.framework */ = {isa = PBXFileReference; lastKnownFileType = wrapper.framework; name = WidgetKit.framework; path = System/Library/Frameworks/WidgetKit.framework; sourceTree = SDKROOT; };
		D7B0A9BC2ED05E1C007CB1EB /* SwiftUI.framework */ = {isa = PBXFileReference; lastKnownFileType = wrapper.framework; name = SwiftUI.framework; path = System/Library/Frameworks/SwiftUI.framework; sourceTree = SDKROOT; };
		D7BDACA32ECDFC6A0015FC22 /* YearJourney.app */ = {isa = PBXFileReference; explicitFileType = wrapper.application; includeInIndex = 0; path = YearJourney.app; sourceTree = BUILT_PRODUCTS_DIR; };
/* End PBXFileReference section */

/* Begin PBXFileSystemSynchronizedBuildFileExceptionSet section */
		D7A788AE2EEBFD4600E70524 /* Exceptions for "YearJourney" folder in "YearJourney" target */ = {
			isa = PBXFileSystemSynchronizedBuildFileExceptionSet;
			membershipExceptions = (
				Info.plist,
			);
			target = D7BDACA22ECDFC6A0015FC22 /* YearJourney */;
		};
		D7B0A9C92ED05E1E007CB1EB /* Exceptions for "YearJourneyWidget" folder in "YearJourneyWidgetExtension" target */ = {
			isa = PBXFileSystemSynchronizedBuildFileExceptionSet;
			membershipExceptions = (
				Info.plist,
			);
			target = D7B0A9B72ED05E1C007CB1EB /* YearJourneyWidgetExtension */;
		};
		D7B0A9D22ED0722E007CB1EB /* Exceptions for "YearJourney" folder in "YearJourneyWidgetExtension" target */ = {
			isa = PBXFileSystemSynchronizedBuildFileExceptionSet;
			membershipExceptions = (
				Assets.xcassets,
				Data/ProgressCalculator.swift,
				Data/Storege/AppGroupStore.swift,
				Data/Theme/ThemeAssets.swift,
				Data/Widget/MediumWidgetConfig.swift,
				Data/Widget/SmallWidgetConfig.swift,
				Data/Widget/WidgetDisplayMode.swift,
				Data/Widget/WidgetKeys.swift,
				"Resources/Fonts/ComicRelief-Bold.ttf",
				"Resources/Fonts/ComicRelief-Regular.ttf",
				Shared/WidgetUI/YearJourneyMediumWidgetView.swift,
			);
			target = D7B0A9B72ED05E1C007CB1EB /* YearJourneyWidgetExtension */;
		};
		D7B0A9D62ED08F09007CB1EB /* Exceptions for "YearJourneyWidget" folder in "YearJourney" target */ = {
			isa = PBXFileSystemSynchronizedBuildFileExceptionSet;
			membershipExceptions = (
				GoalFillWidget.swift,
			);
			target = D7BDACA22ECDFC6A0015FC22 /* YearJourney */;
		};
/* End PBXFileSystemSynchronizedBuildFileExceptionSet section */

/* Begin PBXFileSystemSynchronizedRootGroup section */
		D7B0A9BE2ED05E1C007CB1EB /* YearJourneyWidget */ = {
			isa = PBXFileSystemSynchronizedRootGroup;
			exceptions = (
				D7B0A9D62ED08F09007CB1EB /* Exceptions for "YearJourneyWidget" folder in "YearJourney" target */,
				D7B0A9C92ED05E1E007CB1EB /* Exceptions for "YearJourneyWidget" folder in "YearJourneyWidgetExtension" target */,
			);
			path = YearJourneyWidget;
			sourceTree = "<group>";
		};
		D7BDACA52ECDFC6A0015FC22 /* YearJourney */ = {
			isa = PBXFileSystemSynchronizedRootGroup;
			exceptions = (
				D7A788AE2EEBFD4600E70524 /* Exceptions for "YearJourney" folder in "YearJourney" target */,
				D7B0A9D22ED0722E007CB1EB /* Exceptions for "YearJourney" folder in "YearJourneyWidgetExtension" target */,
			);
			path = YearJourney;
			sourceTree = "<group>";
		};
/* End PBXFileSystemSynchronizedRootGroup section */

/* Begin PBXFrameworksBuildPhase section */
		D7B0A9B52ED05E1C007CB1EB /* Frameworks */ = {
			isa = PBXFrameworksBuildPhase;
			buildActionMask = 2147483647;
			files = (
				D7B0A9BD2ED05E1C007CB1EB /* SwiftUI.framework in Frameworks */,
				D7B0A9BB2ED05E1C007CB1EB /* WidgetKit.framework in Frameworks */,
			);
			runOnlyForDeploymentPostprocessing = 0;
		};
		D7BDACA02ECDFC6A0015FC22 /* Frameworks */ = {
			isa = PBXFrameworksBuildPhase;
			buildActionMask = 2147483647;
			files = (
			);
			runOnlyForDeploymentPostprocessing = 0;
		};
/* End PBXFrameworksBuildPhase section */

/* Begin PBXGroup section */
		D7B0A9B92ED05E1C007CB1EB /* Frameworks */ = {
			isa = PBXGroup;
			children = (
				D7B0A9BA2ED05E1C007CB1EB /* WidgetKit.framework */,
				D7B0A9BC2ED05E1C007CB1EB /* SwiftUI.framework */,
			);
			name = Frameworks;
			sourceTree = "<group>";
		};
		D7BDAC9A2ECDFC6A0015FC22 = {
			isa = PBXGroup;
			children = (
				D7BDACA52ECDFC6A0015FC22 /* YearJourney */,
				D7B0A9BE2ED05E1C007CB1EB /* YearJourneyWidget */,
				D7B0A9B92ED05E1C007CB1EB /* Frameworks */,
				D7BDACA42ECDFC6A0015FC22 /* Products */,
			);
			sourceTree = "<group>";
		};
		D7BDACA42ECDFC6A0015FC22 /* Products */ = {
			isa = PBXGroup;
			children = (
				D7BDACA32ECDFC6A0015FC22 /* YearJourney.app */,
				D7B0A9B82ED05E1C007CB1EB /* YearJourneyWidgetExtension.appex */,
			);
			name = Products;
			sourceTree = "<group>";
		};
/* End PBXGroup section */

/* Begin PBXNativeTarget section */
		D7B0A9B72ED05E1C007CB1EB /* YearJourneyWidgetExtension */ = {
			isa = PBXNativeTarget;
			buildConfigurationList = D7B0A9CA2ED05E1E007CB1EB /* Build configuration list for PBXNativeTarget "YearJourneyWidgetExtension" */;
			buildPhases = (
				D7B0A9B42ED05E1C007CB1EB /* Sources */,
				D7B0A9B52ED05E1C007CB1EB /* Frameworks */,
				D7B0A9B62ED05E1C007CB1EB /* Resources */,
			);
			buildRules = (
			);
			dependencies = (
			);
			fileSystemSynchronizedGroups = (
				D7B0A9BE2ED05E1C007CB1EB /* YearJourneyWidget */,
			);
			name = YearJourneyWidgetExtension;
			packageProductDependencies = (
			);
			productName = YearJourneyWidgetExtension;
			productReference = D7B0A9B82ED05E1C007CB1EB /* YearJourneyWidgetExtension.appex */;
			productType = "com.apple.product-type.app-extension";
		};
		D7BDACA22ECDFC6A0015FC22 /* YearJourney */ = {
			isa = PBXNativeTarget;
			buildConfigurationList = D7BDACAE2ECDFC6C0015FC22 /* Build configuration list for PBXNativeTarget "YearJourney" */;
			buildPhases = (
				D7BDAC9F2ECDFC6A0015FC22 /* Sources */,
				D7BDACA02ECDFC6A0015FC22 /* Frameworks */,
				D7BDACA12ECDFC6A0015FC22 /* Resources */,
				D7B0A9CD2ED05E1E007CB1EB /* Embed Foundation Extensions */,
			);
			buildRules = (
			);
			dependencies = (
				D7B0A9C72ED05E1E007CB1EB /* PBXTargetDependency */,
			);
			fileSystemSynchronizedGroups = (
				D7BDACA52ECDFC6A0015FC22 /* YearJourney */,
			);
			name = YearJourney;
			packageProductDependencies = (
			);
			productName = YearJourney;
			productReference = D7BDACA32ECDFC6A0015FC22 /* YearJourney.app */;
			productType = "com.apple.product-type.application";
		};
/* End PBXNativeTarget section */

/* Begin PBXProject section */
		D7BDAC9B2ECDFC6A0015FC22 /* Project object */ = {
			isa = PBXProject;
			attributes = {
				BuildIndependentTargetsInParallel = 1;
				LastSwiftUpdateCheck = 2600;
				LastUpgradeCheck = 2600;
				TargetAttributes = {
					D7B0A9B72ED05E1C007CB1EB = {
						CreatedOnToolsVersion = 26.0;
					};
					D7BDACA22ECDFC6A0015FC22 = {
						CreatedOnToolsVersion = 26.0;
					};
				};
			};
			buildConfigurationList = D7BDAC9E2ECDFC6A0015FC22 /* Build configuration list for PBXProject "YearJourney" */;
			developmentRegion = en;
			hasScannedForEncodings = 0;
			knownRegions = (
				en,
				Base,
			);
			mainGroup = D7BDAC9A2ECDFC6A0015FC22;
			minimizedProjectReferenceProxies = 1;
			preferredProjectObjectVersion = 77;
			productRefGroup = D7BDACA42ECDFC6A0015FC22 /* Products */;
			projectDirPath = "";
			projectRoot = "";
			targets = (
				D7BDACA22ECDFC6A0015FC22 /* YearJourney */,
				D7B0A9B72ED05E1C007CB1EB /* YearJourneyWidgetExtension */,
			);
		};
/* End PBXProject section */

/* Begin PBXResourcesBuildPhase section */
		D7B0A9B62ED05E1C007CB1EB /* Resources */ = {
			isa = PBXResourcesBuildPhase;
			buildActionMask = 2147483647;
			files = (
			);
			runOnlyForDeploymentPostprocessing = 0;
		};
		D7BDACA12ECDFC6A0015FC22 /* Resources */ = {
			isa = PBXResourcesBuildPhase;
			buildActionMask = 2147483647;
			files = (
			);
			runOnlyForDeploymentPostprocessing = 0;
		};
/* End PBXResourcesBuildPhase section */

/* Begin PBXSourcesBuildPhase section */
		D7B0A9B42ED05E1C007CB1EB /* Sources */ = {
			isa = PBXSourcesBuildPhase;
			buildActionMask = 2147483647;
			files = (
			);
			runOnlyForDeploymentPostprocessing = 0;
		};
		D7BDAC9F2ECDFC6A0015FC22 /* Sources */ = {
			isa = PBXSourcesBuildPhase;
			buildActionMask = 2147483647;
			files = (
			);
			runOnlyForDeploymentPostprocessing = 0;
		};
/* End PBXSourcesBuildPhase section */

/* Begin PBXTargetDependency section */
		D7B0A9C72ED05E1E007CB1EB /* PBXTargetDependency */ = {
			isa = PBXTargetDependency;
			target = D7B0A9B72ED05E1C007CB1EB /* YearJourneyWidgetExtension */;
			targetProxy = D7B0A9C62ED05E1E007CB1EB /* PBXContainerItemProxy */;
		};
/* End PBXTargetDependency section */

/* Begin XCBuildConfiguration section */
		D7B0A9CB2ED05E1E007CB1EB /* Debug */ = {
			isa = XCBuildConfiguration;
			buildSettings = {
				ASSETCATALOG_COMPILER_GLOBAL_ACCENT_COLOR_NAME = AccentColor;
				ASSETCATALOG_COMPILER_WIDGET_BACKGROUND_COLOR_NAME = WidgetBackground;
				CODE_SIGN_STYLE = Automatic;
				CURRENT_PROJECT_VERSION = 1;
				DEVELOPMENT_TEAM = S2A2JAHX9A;
				GENERATE_INFOPLIST_FILE = YES;
				INFOPLIST_FILE = YearJourneyWidget/Info.plist;
				INFOPLIST_KEY_CFBundleDisplayName = YearJourneyWidget;
				INFOPLIST_KEY_NSHumanReadableCopyright = "";
				LD_RUNPATH_SEARCH_PATHS = (
					"$(inherited)",
					"@executable_path/Frameworks",
					"@executable_path/../../Frameworks",
				);
				MARKETING_VERSION = 1.0;
				PRODUCT_BUNDLE_IDENTIFIER = app.stannum.YearJourney.YearJourneyWidget;
				PRODUCT_NAME = "$(TARGET_NAME)";
				SKIP_INSTALL = YES;
				STRING_CATALOG_GENERATE_SYMBOLS = YES;
				SWIFT_APPROACHABLE_CONCURRENCY = YES;
				SWIFT_EMIT_LOC_STRINGS = YES;
				SWIFT_UPCOMING_FEATURE_MEMBER_IMPORT_VISIBILITY = YES;
				SWIFT_VERSION = 5.0;
				TARGETED_DEVICE_FAMILY = "1,2";
			};
			name = Debug;
		};
		D7B0A9CC2ED05E1E007CB1EB /* Release */ = {
			isa = XCBuildConfiguration;
			buildSettings = {
				ASSETCATALOG_COMPILER_GLOBAL_ACCENT_COLOR_NAME = AccentColor;
				ASSETCATALOG_COMPILER_WIDGET_BACKGROUND_COLOR_NAME = WidgetBackground;
				CODE_SIGN_STYLE = Automatic;
				CURRENT_PROJECT_VERSION = 1;
				DEVELOPMENT_TEAM = S2A2JAHX9A;
				GENERATE_INFOPLIST_FILE = YES;
				INFOPLIST_FILE = YearJourneyWidget/Info.plist;
				INFOPLIST_KEY_CFBundleDisplayName = YearJourneyWidget;
				INFOPLIST_KEY_NSHumanReadableCopyright = "";
				LD_RUNPATH_SEARCH_PATHS = (
					"$(inherited)",
					"@executable_path/Frameworks",
					"@executable_path/../../Frameworks",
				);
				MARKETING_VERSION = 1.0;
				PRODUCT_BUNDLE_IDENTIFIER = app.stannum.YearJourney.YearJourneyWidget;
				PRODUCT_NAME = "$(TARGET_NAME)";
				SKIP_INSTALL = YES;
				STRING_CATALOG_GENERATE_SYMBOLS = YES;
				SWIFT_APPROACHABLE_CONCURRENCY = YES;
				SWIFT_EMIT_LOC_STRINGS = YES;
				SWIFT_UPCOMING_FEATURE_MEMBER_IMPORT_VISIBILITY = YES;
				SWIFT_VERSION = 5.0;
				TARGETED_DEVICE_FAMILY = "1,2";
			};
			name = Release;
		};
		D7BDACAC2ECDFC6C0015FC22 /* Debug */ = {
			isa = XCBuildConfiguration;
			buildSettings = {
				ALWAYS_SEARCH_USER_PATHS = NO;
				ASSETCATALOG_COMPILER_GENERATE_SWIFT_ASSET_SYMBOL_EXTENSIONS = YES;
				CLANG_ANALYZER_NONNULL = YES;
				CLANG_ANALYZER_NUMBER_OBJECT_CONVERSION = YES_AGGRESSIVE;
				CLANG_CXX_LANGUAGE_STANDARD = "gnu++20";
				CLANG_ENABLE_MODULES = YES;
				CLANG_ENABLE_OBJC_ARC = YES;
				CLANG_ENABLE_OBJC_WEAK = YES;
				CLANG_WARN_BLOCK_CAPTURE_AUTORELEASING = YES;
				CLANG_WARN_BOOL_CONVERSION = YES;
				CLANG_WARN_COMMA = YES;
				CLANG_WARN_CONSTANT_CONVERSION = YES;
				CLANG_WARN_DEPRECATED_OBJC_IMPLEMENTATIONS = YES;
				CLANG_WARN_DIRECT_OBJC_ISA_USAGE = YES_ERROR;
				CLANG_WARN_DOCUMENTATION_COMMENTS = YES;
				CLANG_WARN_EMPTY_BODY = YES;
				CLANG_WARN_ENUM_CONVERSION = YES;
				CLANG_WARN_INFINITE_RECURSION = YES;
				CLANG_WARN_INT_CONVERSION = YES;
				CLANG_WARN_NON_LITERAL_NULL_CONVERSION = YES;
				CLANG_WARN_OBJC_IMPLICIT_RETAIN_SELF = YES;
				CLANG_WARN_OBJC_LITERAL_CONVERSION = YES;
				CLANG_WARN_OBJC_ROOT_CLASS = YES_ERROR;
				CLANG_WARN_QUOTED_INCLUDE_IN_FRAMEWORK_HEADER = YES;
				CLANG_WARN_RANGE_LOOP_ANALYSIS = YES;
				CLANG_WARN_STRICT_PROTOTYPES = YES;
				CLANG_WARN_SUSPICIOUS_MOVE = YES;
				CLANG_WARN_UNGUARDED_AVAILABILITY = YES_AGGRESSIVE;
				CLANG_WARN_UNREACHABLE_CODE = YES;
				CLANG_WARN__DUPLICATE_METHOD_MATCH = YES;
				COPY_PHASE_STRIP = NO;
				DEBUG_INFORMATION_FORMAT = dwarf;
				DEVELOPMENT_TEAM = S2A2JAHX9A;
				ENABLE_STRICT_OBJC_MSGSEND = YES;
				ENABLE_TESTABILITY = YES;
				ENABLE_USER_SCRIPT_SANDBOXING = YES;
				GCC_C_LANGUAGE_STANDARD = gnu17;
				GCC_DYNAMIC_NO_PIC = NO;
				GCC_NO_COMMON_BLOCKS = YES;
				GCC_OPTIMIZATION_LEVEL = 0;
				GCC_PREPROCESSOR_DEFINITIONS = (
					"DEBUG=1",
					"$(inherited)",
				);
				GCC_WARN_64_TO_32_BIT_CONVERSION = YES;
				GCC_WARN_ABOUT_RETURN_TYPE = YES_ERROR;
				GCC_WARN_UNDECLARED_SELECTOR = YES;
				GCC_WARN_UNINITIALIZED_AUTOS = YES_AGGRESSIVE;
				GCC_WARN_UNUSED_FUNCTION = YES;
				GCC_WARN_UNUSED_VARIABLE = YES;
				IPHONEOS_DEPLOYMENT_TARGET = 26.0;
				LOCALIZATION_PREFERS_STRING_CATALOGS = YES;
				MTL_ENABLE_DEBUG_INFO = INCLUDE_SOURCE;
				MTL_FAST_MATH = YES;
				ONLY_ACTIVE_ARCH = YES;
				SDKROOT = iphoneos;
				SWIFT_ACTIVE_COMPILATION_CONDITIONS = "DEBUG $(inherited)";
				SWIFT_OPTIMIZATION_LEVEL = "-Onone";
			};
			name = Debug;
		};
		D7BDACAD2ECDFC6C0015FC22 /* Release */ = {
			isa = XCBuildConfiguration;
			buildSettings = {
				ALWAYS_SEARCH_USER_PATHS = NO;
				ASSETCATALOG_COMPILER_GENERATE_SWIFT_ASSET_SYMBOL_EXTENSIONS = YES;
				CLANG_ANALYZER_NONNULL = YES;
				CLANG_ANALYZER_NUMBER_OBJECT_CONVERSION = YES_AGGRESSIVE;
				CLANG_CXX_LANGUAGE_STANDARD = "gnu++20";
				CLANG_ENABLE_MODULES = YES;
				CLANG_ENABLE_OBJC_ARC = YES;
				CLANG_ENABLE_OBJC_WEAK = YES;
				CLANG_WARN_BLOCK_CAPTURE_AUTORELEASING = YES;
				CLANG_WARN_BOOL_CONVERSION = YES;
				CLANG_WARN_COMMA = YES;
				CLANG_WARN_CONSTANT_CONVERSION = YES;
				CLANG_WARN_DEPRECATED_OBJC_IMPLEMENTATIONS = YES;
				CLANG_WARN_DIRECT_OBJC_ISA_USAGE = YES_ERROR;
				CLANG_WARN_DOCUMENTATION_COMMENTS = YES;
				CLANG_WARN_EMPTY_BODY = YES;
				CLANG_WARN_ENUM_CONVERSION = YES;
				CLANG_WARN_INFINITE_RECURSION = YES;
				CLANG_WARN_INT_CONVERSION = YES;
				CLANG_WARN_NON_LITERAL_NULL_CONVERSION = YES;
				CLANG_WARN_OBJC_IMPLICIT_RETAIN_SELF = YES;
				CLANG_WARN_OBJC_LITERAL_CONVERSION = YES;
				CLANG_WARN_OBJC_ROOT_CLASS = YES_ERROR;
				CLANG_WARN_QUOTED_INCLUDE_IN_FRAMEWORK_HEADER = YES;
				CLANG_WARN_RANGE_LOOP_ANALYSIS = YES;
				CLANG_WARN_STRICT_PROTOTYPES = YES;
				CLANG_WARN_SUSPICIOUS_MOVE = YES;
				CLANG_WARN_UNGUARDED_AVAILABILITY = YES_AGGRESSIVE;
				CLANG_WARN_UNREACHABLE_CODE = YES;
				CLANG_WARN__DUPLICATE_METHOD_MATCH = YES;
				COPY_PHASE_STRIP = NO;
				DEBUG_INFORMATION_FORMAT = "dwarf-with-dsym";
				DEVELOPMENT_TEAM = S2A2JAHX9A;
				ENABLE_NS_ASSERTIONS = NO;
				ENABLE_STRICT_OBJC_MSGSEND = YES;
				ENABLE_USER_SCRIPT_SANDBOXING = YES;
				GCC_C_LANGUAGE_STANDARD = gnu17;
				GCC_NO_COMMON_BLOCKS = YES;
				GCC_WARN_64_TO_32_BIT_CONVERSION = YES;
				GCC_WARN_ABOUT_RETURN_TYPE = YES_ERROR;
				GCC_WARN_UNDECLARED_SELECTOR = YES;
				GCC_WARN_UNINITIALIZED_AUTOS = YES_AGGRESSIVE;
				GCC_WARN_UNUSED_FUNCTION = YES;
				GCC_WARN_UNUSED_VARIABLE = YES;
				IPHONEOS_DEPLOYMENT_TARGET = 26.0;
				LOCALIZATION_PREFERS_STRING_CATALOGS = YES;
				MTL_ENABLE_DEBUG_INFO = NO;
				MTL_FAST_MATH = YES;
				SDKROOT = iphoneos;
				SWIFT_COMPILATION_MODE = wholemodule;
				VALIDATE_PRODUCT = YES;
			};
			name = Release;
		};
		D7BDACAF2ECDFC6C0015FC22 /* Debug */ = {
			isa = XCBuildConfiguration;
			buildSettings = {
				ASSETCATALOG_COMPILER_APPICON_NAME = AppIcon;
				ASSETCATALOG_COMPILER_GLOBAL_ACCENT_COLOR_NAME = AccentColor;
				CODE_SIGN_STYLE = Automatic;
				CURRENT_PROJECT_VERSION = 1;
				DEVELOPMENT_TEAM = S2A2JAHX9A;
				ENABLE_PREVIEWS = YES;
				GENERATE_INFOPLIST_FILE = YES;
				INFOPLIST_FILE = YearJourney/Info.plist;
				INFOPLIST_KEY_UIApplicationSceneManifest_Generation = YES;
				INFOPLIST_KEY_UIApplicationSupportsIndirectInputEvents = YES;
				INFOPLIST_KEY_UILaunchScreen_Generation = YES;
				INFOPLIST_KEY_UISupportedInterfaceOrientations_iPad = "UIInterfaceOrientationPortrait UIInterfaceOrientationPortraitUpsideDown UIInterfaceOrientationLandscapeLeft UIInterfaceOrientationLandscapeRight";
				INFOPLIST_KEY_UISupportedInterfaceOrientations_iPhone = "UIInterfaceOrientationPortrait UIInterfaceOrientationLandscapeLeft UIInterfaceOrientationLandscapeRight";
				LD_RUNPATH_SEARCH_PATHS = (
					"$(inherited)",
					"@executable_path/Frameworks",
				);
				MARKETING_VERSION = 1.0;
				PRODUCT_BUNDLE_IDENTIFIER = app.stannum.YearJourney;
				PRODUCT_NAME = "$(TARGET_NAME)";
				STRING_CATALOG_GENERATE_SYMBOLS = YES;
				SWIFT_APPROACHABLE_CONCURRENCY = YES;
				SWIFT_DEFAULT_ACTOR_ISOLATION = MainActor;
				SWIFT_EMIT_LOC_STRINGS = YES;
				SWIFT_UPCOMING_FEATURE_MEMBER_IMPORT_VISIBILITY = YES;
				SWIFT_VERSION = 5.0;
				TARGETED_DEVICE_FAMILY = "1,2";
			};
			name = Debug;
		};
		D7BDACB02ECDFC6C0015FC22 /* Release */ = {
			isa = XCBuildConfiguration;
			buildSettings = {
				ASSETCATALOG_COMPILER_APPICON_NAME = AppIcon;
				ASSETCATALOG_COMPILER_GLOBAL_ACCENT_COLOR_NAME = AccentColor;
				CODE_SIGN_STYLE = Automatic;
				CURRENT_PROJECT_VERSION = 1;
				DEVELOPMENT_TEAM = S2A2JAHX9A;
				ENABLE_PREVIEWS = YES;
				GENERATE_INFOPLIST_FILE = YES;
				INFOPLIST_FILE = YearJourney/Info.plist;
				INFOPLIST_KEY_UIApplicationSceneManifest_Generation = YES;
				INFOPLIST_KEY_UIApplicationSupportsIndirectInputEvents = YES;
				INFOPLIST_KEY_UILaunchScreen_Generation = YES;
				INFOPLIST_KEY_UISupportedInterfaceOrientations_iPad = "UIInterfaceOrientationPortrait UIInterfaceOrientationPortraitUpsideDown UIInterfaceOrientationLandscapeLeft UIInterfaceOrientationLandscapeRight";
				INFOPLIST_KEY_UISupportedInterfaceOrientations_iPhone = "UIInterfaceOrientationPortrait UIInterfaceOrientationLandscapeLeft UIInterfaceOrientationLandscapeRight";
				LD_RUNPATH_SEARCH_PATHS = (
					"$(inherited)",
					"@executable_path/Frameworks",
				);
				MARKETING_VERSION = 1.0;
				PRODUCT_BUNDLE_IDENTIFIER = app.stannum.YearJourney;
				PRODUCT_NAME = "$(TARGET_NAME)";
				STRING_CATALOG_GENERATE_SYMBOLS = YES;
				SWIFT_APPROACHABLE_CONCURRENCY = YES;
				SWIFT_DEFAULT_ACTOR_ISOLATION = MainActor;
				SWIFT_EMIT_LOC_STRINGS = YES;
				SWIFT_UPCOMING_FEATURE_MEMBER_IMPORT_VISIBILITY = YES;
				SWIFT_VERSION = 5.0;
				TARGETED_DEVICE_FAMILY = "1,2";
			};
			name = Release;
		};
/* End XCBuildConfiguration section */

/* Begin XCConfigurationList section */
		D7B0A9CA2ED05E1E007CB1EB /* Build configuration list for PBXNativeTarget "YearJourneyWidgetExtension" */ = {
			isa = XCConfigurationList;
			buildConfigurations = (
				D7B0A9CB2ED05E1E007CB1EB /* Debug */,
				D7B0A9CC2ED05E1E007CB1EB /* Release */,
			);
			defaultConfigurationIsVisible = 0;
			defaultConfigurationName = Release;
		};
		D7BDAC9E2ECDFC6A0015FC22 /* Build configuration list for PBXProject "YearJourney" */ = {
			isa = XCConfigurationList;
			buildConfigurations = (
				D7BDACAC2ECDFC6C0015FC22 /* Debug */,
				D7BDACAD2ECDFC6C0015FC22 /* Release */,
			);
			defaultConfigurationIsVisible = 0;
			defaultConfigurationName = Release;
		};
		D7BDACAE2ECDFC6C0015FC22 /* Build configuration list for PBXNativeTarget "YearJourney" */ = {
			isa = XCConfigurationList;
			buildConfigurations = (
				D7BDACAF2ECDFC6C0015FC22 /* Debug */,
				D7BDACB02ECDFC6C0015FC22 /* Release */,
			);
			defaultConfigurationIsVisible = 0;
			defaultConfigurationName = Release;
		};
/* End XCConfigurationList section */
	};
	rootObject = D7BDAC9B2ECDFC6A0015FC22 /* Project object */;
}
